
Microsoft Visual Studio Solution File, Format Version 12.00
# Visual Studio 15
VisualStudioVersion = 15.0.28010.2036
MinimumVisualStudioVersion = 10.0.40219.1
Project("{FAE04EC0-301F-11D3-BF4B-00C04F79EFBC}") = "Cronometro.Android", "Cronometro\Cronometro.Android\Cronometro.Android.csproj", "{D4592E8B-8A42-49C8-ADA6-CA87B824EB17}"
EndProject
Project("{FAE04EC0-301F-11D3-BF4B-00C04F79EFBC}") = "Cronometro.iOS", "Cronometro\Cronometro.iOS\Cronometro.iOS.csproj", "{E9171AA8-5867-430C-B838-0B3CF5B616A3}"
EndProject
Project("{FAE04EC0-301F-11D3-BF4B-00C04F79EFBC}") = "Cronometro.UWP", "Cronometro\Cronometro.UWP\Cronometro.UWP.csproj", "{91BA3CBD-5FF6-4628-8F7D-1E1981A634CE}"
EndProject
Project("{9A19103F-16F7-4668-BE54-9A1E7A4F7556}") = "Cronometro", "Cronometro\Cronometro\Cronometro.csproj", "{C9F055FE-5F1E-4EA8-9937-522918DDA5BE}"
EndProject
Project("{FAE04EC0-301F-11D3-BF4B-00C04F79EFBC}") = "Cronometro.Tizen", "Cronometro.Tizen\Cronometro.Tizen\Cronometro.Tizen.csproj", "{13D3E27A-3BED-431F-AF42-2C1C631FC27E}"
EndProject
Global
	GlobalSection(SolutionConfigurationPlatforms) = preSolution
		Ad-Hoc|Any CPU = Ad-Hoc|Any CPU
		Ad-Hoc|ARM = Ad-Hoc|ARM
		Ad-Hoc|iPhone = Ad-Hoc|iPhone
		Ad-Hoc|iPhoneSimulator = Ad-Hoc|iPhoneSimulator
		Ad-Hoc|x64 = Ad-Hoc|x64
		Ad-Hoc|x86 = Ad-Hoc|x86
		AppStore|Any CPU = AppStore|Any CPU
		AppStore|ARM = AppStore|ARM
		AppStore|iPhone = AppStore|iPhone
		AppStore|iPhoneSimulator = AppStore|iPhoneSimulator
		AppStore|x64 = AppStore|x64
		AppStore|x86 = AppStore|x86
		Debug|Any CPU = Debug|Any CPU
		Debug|ARM = Debug|ARM
		Debug|iPhone = Debug|iPhone
		Debug|iPhoneSimulator = Debug|iPhoneSimulator
		Debug|x64 = Debug|x64
		Debug|x86 = Debug|x86
		Release|Any CPU = Release|Any CPU
		Release|ARM = Release|ARM
		Release|iPhone = Release|iPhone
		Release|iPhoneSimulator = Release|iPhoneSimulator
		Release|x64 = Release|x64
		Release|x86 = Release|x86
	EndGlobalSection
	GlobalSection(ProjectConfigurationPlatforms) = postSolution
		{D4592E8B-8A42-49C8-ADA6-CA87B824EB17}.Ad-Hoc|Any CPU.ActiveCfg = Release|Any CPU
		{D4592E8B-8A42-49C8-ADA6-CA87B824EB17}.Ad-Hoc|Any CPU.Build.0 = Release|Any CPU
		{D4592E8B-8A42-49C8-ADA6-CA87B824EB17}.Ad-Hoc|Any CPU.Deploy.0 = Release|Any CPU
		{D4592E8B-8A42-49C8-ADA6-CA87B824EB17}.Ad-Hoc|ARM.ActiveCfg = Release|Any CPU
		{D4592E8B-8A42-49C8-ADA6-CA87B824EB17}.Ad-Hoc|ARM.Build.0 = Release|Any CPU
		{D4592E8B-8A42-49C8-ADA6-CA87B824EB17}.Ad-Hoc|ARM.Deploy.0 = Release|Any CPU
		{D4592E8B-8A42-49C8-ADA6-CA87B824EB17}.Ad-Hoc|iPhone.ActiveCfg = Release|Any CPU
		{D4592E8B-8A42-49C8-ADA6-CA87B824EB17}.Ad-Hoc|iPhone.Build.0 = Release|Any CPU
		{D4592E8B-8A42-49C8-ADA6-CA87B824EB17}.Ad-Hoc|iPhone.Deploy.0 = Release|Any CPU
		{D4592E8B-8A42-49C8-ADA6-CA87B824EB17}.Ad-Hoc|iPhoneSimulator.ActiveCfg = Release|Any CPU
		{D4592E8B-8A42-49C8-ADA6-CA87B824EB17}.Ad-Hoc|iPhoneSimulator.Build.0 = Release|Any CPU
		{D4592E8B-8A42-49C8-ADA6-CA87B824EB17}.Ad-Hoc|iPhoneSimulator.Deploy.0 = Release|Any CPU
		{D4592E8B-8A42-49C8-ADA6-CA87B824EB17}.Ad-Hoc|x64.ActiveCfg = Release|Any CPU
		{D4592E8B-8A42-49C8-ADA6-CA87B824EB17}.Ad-Hoc|x64.Build.0 = Release|Any CPU
		{D4592E8B-8A42-49C8-ADA6-CA87B824EB17}.Ad-Hoc|x64.Deploy.0 = Release|Any CPU
		{D4592E8B-8A42-49C8-ADA6-CA87B824EB17}.Ad-Hoc|x86.ActiveCfg = Release|Any CPU
		{D4592E8B-8A42-49C8-ADA6-CA87B824EB17}.Ad-Hoc|x86.Build.0 = Release|Any CPU
		{D4592E8B-8A42-49C8-ADA6-CA87B824EB17}.Ad-Hoc|x86.Deploy.0 = Release|Any CPU
		{D4592E8B-8A42-49C8-ADA6-CA87B824EB17}.AppStore|Any CPU.ActiveCfg = Release|Any CPU
		{D4592E8B-8A42-49C8-ADA6-CA87B824EB17}.AppStore|Any CPU.Build.0 = Release|Any CPU
		{D4592E8B-8A42-49C8-ADA6-CA87B824EB17}.AppStore|Any CPU.Deploy.0 = Release|Any CPU
		{D4592E8B-8A42-49C8-ADA6-CA87B824EB17}.AppStore|ARM.ActiveCfg = Release|Any CPU
		{D4592E8B-8A42-49C8-ADA6-CA87B824EB17}.AppStore|ARM.Build.0 = Release|Any CPU
		{D4592E8B-8A42-49C8-ADA6-CA87B824EB17}.AppStore|ARM.Deploy.0 = Release|Any CPU
		{D4592E8B-8A42-49C8-ADA6-CA87B824EB17}.AppStore|iPhone.ActiveCfg = Release|Any CPU
		{D4592E8B-8A42-49C8-ADA6-CA87B824EB17}.AppStore|iPhone.Build.0 = Release|Any CPU
		{D4592E8B-8A42-49C8-ADA6-CA87B824EB17}.AppStore|iPhone.Deploy.0 = Release|Any CPU
		{D4592E8B-8A42-49C8-ADA6-CA87B824EB17}.AppStore|iPhoneSimulator.ActiveCfg = Release|Any CPU
		{D4592E8B-8A42-49C8-ADA6-CA87B824EB17}.AppStore|iPhoneSimulator.Build.0 = Release|Any CPU
		{D4592E8B-8A42-49C8-ADA6-CA87B824EB17}.AppStore|iPhoneSimulator.Deploy.0 = Release|Any CPU
		{D4592E8B-8A42-49C8-ADA6-CA87B824EB17}.AppStore|x64.ActiveCfg = Release|Any CPU
		{D4592E8B-8A42-49C8-ADA6-CA87B824EB17}.AppStore|x64.Build.0 = Release|Any CPU
		{D4592E8B-8A42-49C8-ADA6-CA87B824EB17}.AppStore|x64.Deploy.0 = Release|Any CPU
		{D4592E8B-8A42-49C8-ADA6-CA87B824EB17}.AppStore|x86.ActiveCfg = Release|Any CPU
		{D4592E8B-8A42-49C8-ADA6-CA87B824EB17}.AppStore|x86.Build.0 = Release|Any CPU
		{D4592E8B-8A42-49C8-ADA6-CA87B824EB17}.AppStore|x86.Deploy.0 = Release|Any CPU
		{D4592E8B-8A42-49C8-ADA6-CA87B824EB17}.Debug|Any CPU.ActiveCfg = Debug|Any CPU
		{D4592E8B-8A42-49C8-ADA6-CA87B824EB17}.Debug|Any CPU.Build.0 = Debug|Any CPU
		{D4592E8B-8A42-49C8-ADA6-CA87B824EB17}.Debug|Any CPU.Deploy.0 = Debug|Any CPU
		{D4592E8B-8A42-49C8-ADA6-CA87B824EB17}.Debug|ARM.ActiveCfg = Debug|Any CPU
		{D4592E8B-8A42-49C8-ADA6-CA87B824EB17}.Debug|ARM.Build.0 = Debug|Any CPU
		{D4592E8B-8A42-49C8-ADA6-CA87B824EB17}.Debug|ARM.Deploy.0 = Debug|Any CPU
		{D4592E8B-8A42-49C8-ADA6-CA87B824EB17}.Debug|iPhone.ActiveCfg = Debug|Any CPU
		{D4592E8B-8A42-49C8-ADA6-CA87B824EB17}.Debug|iPhone.Build.0 = Debug|Any CPU
		{D4592E8B-8A42-49C8-ADA6-CA87B824EB17}.Debug|iPhone.Deploy.0 = Debug|Any CPU
		{D4592E8B-8A42-49C8-ADA6-CA87B824EB17}.Debug|iPhoneSimulator.ActiveCfg = Debug|Any CPU
		{D4592E8B-8A42-49C8-ADA6-CA87B824EB17}.Debug|iPhoneSimulator.Build.0 = Debug|Any CPU
		{D4592E8B-8A42-49C8-ADA6-CA87B824EB17}.Debug|iPhoneSimulator.Deploy.0 = Debug|Any CPU
		{D4592E8B-8A42-49C8-ADA6-CA87B824EB17}.Debug|x64.ActiveCfg = Debug|Any CPU
		{D4592E8B-8A42-49C8-ADA6-CA87B824EB17}.Debug|x64.Build.0 = Debug|Any CPU
		{D4592E8B-8A42-49C8-ADA6-CA87B824EB17}.Debug|x64.Deploy.0 = Debug|Any CPU
		{D4592E8B-8A42-49C8-ADA6-CA87B824EB17}.Debug|x86.ActiveCfg = Debug|Any CPU
		{D4592E8B-8A42-49C8-ADA6-CA87B824EB17}.Debug|x86.Build.0 = Debug|Any CPU
		{D4592E8B-8A42-49C8-ADA6-CA87B824EB17}.Debug|x86.Deploy.0 = Debug|Any CPU
		{D4592E8B-8A42-49C8-ADA6-CA87B824EB17}.Release|Any CPU.ActiveCfg = Release|Any CPU
		{D4592E8B-8A42-49C8-ADA6-CA87B824EB17}.Release|Any CPU.Build.0 = Release|Any CPU
		{D4592E8B-8A42-49C8-ADA6-CA87B824EB17}.Release|Any CPU.Deploy.0 = Release|Any CPU
		{D4592E8B-8A42-49C8-ADA6-CA87B824EB17}.Release|ARM.ActiveCfg = Release|Any CPU
		{D4592E8B-8A42-49C8-ADA6-CA87B824EB17}.Release|ARM.Build.0 = Release|Any CPU
		{D4592E8B-8A42-49C8-ADA6-CA87B824EB17}.Release|ARM.Deploy.0 = Release|Any CPU
		{D4592E8B-8A42-49C8-ADA6-CA87B824EB17}.Release|iPhone.ActiveCfg = Release|Any CPU
		{D4592E8B-8A42-49C8-ADA6-CA87B824EB17}.Release|iPhone.Build.0 = Release|Any CPU
		{D4592E8B-8A42-49C8-ADA6-CA87B824EB17}.Release|iPhone.Deploy.0 = Release|Any CPU
		{D4592E8B-8A42-49C8-ADA6-CA87B824EB17}.Release|iPhoneSimulator.ActiveCfg = Release|Any CPU
		{D4592E8B-8A42-49C8-ADA6-CA87B824EB17}.Release|iPhoneSimulator.Build.0 = Release|Any CPU
		{D4592E8B-8A42-49C8-ADA6-CA87B824EB17}.Release|iPhoneSimulator.Deploy.0 = Release|Any CPU
		{D4592E8B-8A42-49C8-ADA6-CA87B824EB17}.Release|x64.ActiveCfg = Release|Any CPU
		{D4592E8B-8A42-49C8-ADA6-CA87B824EB17}.Release|x64.Build.0 = Release|Any CPU
		{D4592E8B-8A42-49C8-ADA6-CA87B824EB17}.Release|x64.Deploy.0 = Release|Any CPU
		{D4592E8B-8A42-49C8-ADA6-CA87B824EB17}.Release|x86.ActiveCfg = Release|Any CPU
		{D4592E8B-8A42-49C8-ADA6-CA87B824EB17}.Release|x86.Build.0 = Release|Any CPU
		{D4592E8B-8A42-49C8-ADA6-CA87B824EB17}.Release|x86.Deploy.0 = Release|Any CPU
		{E9171AA8-5867-430C-B838-0B3CF5B616A3}.Ad-Hoc|Any CPU.ActiveCfg = Ad-Hoc|iPhone
		{E9171AA8-5867-430C-B838-0B3CF5B616A3}.Ad-Hoc|Any CPU.Build.0 = Ad-Hoc|iPhone
		{E9171AA8-5867-430C-B838-0B3CF5B616A3}.Ad-Hoc|Any CPU.Deploy.0 = Ad-Hoc|iPhone
		{E9171AA8-5867-430C-B838-0B3CF5B616A3}.Ad-Hoc|ARM.ActiveCfg = Ad-Hoc|iPhone
		{E9171AA8-5867-430C-B838-0B3CF5B616A3}.Ad-Hoc|ARM.Build.0 = Ad-Hoc|iPhone
		{E9171AA8-5867-430C-B838-0B3CF5B616A3}.Ad-Hoc|ARM.Deploy.0 = Ad-Hoc|iPhone
		{E9171AA8-5867-430C-B838-0B3CF5B616A3}.Ad-Hoc|iPhone.ActiveCfg = Ad-Hoc|iPhone
		{E9171AA8-5867-430C-B838-0B3CF5B616A3}.Ad-Hoc|iPhone.Build.0 = Ad-Hoc|iPhone
		{E9171AA8-5867-430C-B838-0B3CF5B616A3}.Ad-Hoc|iPhone.Deploy.0 = Ad-Hoc|iPhone
		{E9171AA8-5867-430C-B838-0B3CF5B616A3}.Ad-Hoc|iPhoneSimulator.ActiveCfg = Ad-Hoc|iPhoneSimulator
		{E9171AA8-5867-430C-B838-0B3CF5B616A3}.Ad-Hoc|iPhoneSimulator.Build.0 = Ad-Hoc|iPhoneSimulator
		{E9171AA8-5867-430C-B838-0B3CF5B616A3}.Ad-Hoc|iPhoneSimulator.Deploy.0 = Ad-Hoc|iPhoneSimulator
		{E9171AA8-5867-430C-B838-0B3CF5B616A3}.Ad-Hoc|x64.ActiveCfg = Ad-Hoc|iPhone
		{E9171AA8-5867-430C-B838-0B3CF5B616A3}.Ad-Hoc|x64.Build.0 = Ad-Hoc|iPhone
		{E9171AA8-5867-430C-B838-0B3CF5B616A3}.Ad-Hoc|x64.Deploy.0 = Ad-Hoc|iPhone
		{E9171AA8-5867-430C-B838-0B3CF5B616A3}.Ad-Hoc|x86.ActiveCfg = Ad-Hoc|iPhone
		{E9171AA8-5867-430C-B838-0B3CF5B616A3}.Ad-Hoc|x86.Build.0 = Ad-Hoc|iPhone
		{E9171AA8-5867-430C-B838-0B3CF5B616A3}.Ad-Hoc|x86.Deploy.0 = Ad-Hoc|iPhone
		{E9171AA8-5867-430C-B838-0B3CF5B616A3}.AppStore|Any CPU.ActiveCfg = AppStore|iPhone
		{E9171AA8-5867-430C-B838-0B3CF5B616A3}.AppStore|Any CPU.Build.0 = AppStore|iPhone
		{E9171AA8-5867-430C-B838-0B3CF5B616A3}.AppStore|Any CPU.Deploy.0 = AppStore|iPhone
		{E9171AA8-5867-430C-B838-0B3CF5B616A3}.AppStore|ARM.ActiveCfg = AppStore|iPhone
		{E9171AA8-5867-430C-B838-0B3CF5B616A3}.AppStore|ARM.Build.0 = AppStore|iPhone
		{E9171AA8-5867-430C-B838-0B3CF5B616A3}.AppStore|ARM.Deploy.0 = AppStore|iPhone
		{E9171AA8-5867-430C-B838-0B3CF5B616A3}.AppStore|iPhone.ActiveCfg = AppStore|iPhone
		{E9171AA8-5867-430C-B838-0B3CF5B616A3}.AppStore|iPhone.Build.0 = AppStore|iPhone
		{E9171AA8-5867-430C-B838-0B3CF5B616A3}.AppStore|iPhone.Deploy.0 = AppStore|iPhone
		{E9171AA8-5867-430C-B838-0B3CF5B616A3}.AppStore|iPhoneSimulator.ActiveCfg = AppStore|iPhoneSimulator
		{E9171AA8-5867-430C-B838-0B3CF5B616A3}.AppStore|iPhoneSimulator.Build.0 = AppStore|iPhoneSimulator
		{E9171AA8-5867-430C-B838-0B3CF5B616A3}.AppStore|iPhoneSimulator.Deploy.0 = AppStore|iPhoneSimulator
		{E9171AA8-5867-430C-B838-0B3CF5B616A3}.AppStore|x64.ActiveCfg = AppStore|iPhone
		{E9171AA8-5867-430C-B838-0B3CF5B616A3}.AppStore|x64.Build.0 = AppStore|iPhone
		{E9171AA8-5867-430C-B838-0B3CF5B616A3}.AppStore|x64.Deploy.0 = AppStore|iPhone
		{E9171AA8-5867-430C-B838-0B3CF5B616A3}.AppStore|x86.ActiveCfg = AppStore|iPhone
		{E9171AA8-5867-430C-B838-0B3CF5B616A3}.AppStore|x86.Build.0 = AppStore|iPhone
		{E9171AA8-5867-430C-B838-0B3CF5B616A3}.AppStore|x86.Deploy.0 = AppStore|iPhone
		{E9171AA8-5867-430C-B838-0B3CF5B616A3}.Debug|Any CPU.ActiveCfg = Debug|iPhoneSimulator
		{E9171AA8-5867-430C-B838-0B3CF5B616A3}.Debug|Any CPU.Build.0 = Debug|iPhoneSimulator
		{E9171AA8-5867-430C-B838-0B3CF5B616A3}.Debug|Any CPU.Deploy.0 = Debug|iPhoneSimulator
		{E9171AA8-5867-430C-B838-0B3CF5B616A3}.Debug|ARM.ActiveCfg = Debug|iPhone
		{E9171AA8-5867-430C-B838-0B3CF5B616A3}.Debug|ARM.Build.0 = Debug|iPhone
		{E9171AA8-5867-430C-B838-0B3CF5B616A3}.Debug|ARM.Deploy.0 = Debug|iPhone
		{E9171AA8-5867-430C-B838-0B3CF5B616A3}.Debug|iPhone.ActiveCfg = Debug|iPhone
		{E9171AA8-5867-430C-B838-0B3CF5B616A3}.Debug|iPhone.Build.0 = Debug|iPhone
		{E9171AA8-5867-430C-B838-0B3CF5B616A3}.Debug|iPhone.Deploy.0 = Debug|iPhone
		{E9171AA8-5867-430C-B838-0B3CF5B616A3}.Debug|iPhoneSimulator.ActiveCfg = Debug|iPhoneSimulator
		{E9171AA8-5867-430C-B838-0B3CF5B616A3}.Debug|iPhoneSimulator.Build.0 = Debug|iPhoneSimulator
		{E9171AA8-5867-430C-B838-0B3CF5B616A3}.Debug|iPhoneSimulator.Deploy.0 = Debug|iPhoneSimulator
		{E9171AA8-5867-430C-B838-0B3CF5B616A3}.Debug|x64.ActiveCfg = Debug|iPhone
		{E9171AA8-5867-430C-B838-0B3CF5B616A3}.Debug|x64.Build.0 = Debug|iPhone
		{E9171AA8-5867-430C-B838-0B3CF5B616A3}.Debug|x64.Deploy.0 = Debug|iPhone
		{E9171AA8-5867-430C-B838-0B3CF5B616A3}.Debug|x86.ActiveCfg = Debug|iPhone
		{E9171AA8-5867-430C-B838-0B3CF5B616A3}.Debug|x86.Build.0 = Debug|iPhone
		{E9171AA8-5867-430C-B838-0B3CF5B616A3}.Debug|x86.Deploy.0 = Debug|iPhone
		{E9171AA8-5867-430C-B838-0B3CF5B616A3}.Release|Any CPU.ActiveCfg = Release|iPhone
		{E9171AA8-5867-430C-B838-0B3CF5B616A3}.Release|Any CPU.Build.0 = Release|iPhone
		{E9171AA8-5867-430C-B838-0B3CF5B616A3}.Release|Any CPU.Deploy.0 = Release|iPhone
		{E9171AA8-5867-430C-B838-0B3CF5B616A3}.Release|ARM.ActiveCfg = Release|iPhone
		{E9171AA8-5867-430C-B838-0B3CF5B616A3}.Release|ARM.Build.0 = Release|iPhone
		{E9171AA8-5867-430C-B838-0B3CF5B616A3}.Release|ARM.Deploy.0 = Release|iPhone
		{E9171AA8-5867-430C-B838-0B3CF5B616A3}.Release|iPhone.ActiveCfg = Release|iPhone
		{E9171AA8-5867-430C-B838-0B3CF5B616A3}.Release|iPhone.Build.0 = Release|iPhone
		{E9171AA8-5867-430C-B838-0B3CF5B616A3}.Release|iPhone.Deploy.0 = Release|iPhone
		{E9171AA8-5867-430C-B838-0B3CF5B616A3}.Release|iPhoneSimulator.ActiveCfg = Release|iPhoneSimulator
		{E9171AA8-5867-430C-B838-0B3CF5B616A3}.Release|iPhoneSimulator.Build.0 = Release|iPhoneSimulator
		{E9171AA8-5867-430C-B838-0B3CF5B616A3}.Release|iPhoneSimulator.Deploy.0 = Release|iPhoneSimulator
		{E9171AA8-5867-430C-B838-0B3CF5B616A3}.Release|x64.ActiveCfg = Release|iPhone
		{E9171AA8-5867-430C-B838-0B3CF5B616A3}.Release|x64.Build.0 = Release|iPhone
		{E9171AA8-5867-430C-B838-0B3CF5B616A3}.Release|x64.Deploy.0 = Release|iPhone
		{E9171AA8-5867-430C-B838-0B3CF5B616A3}.Release|x86.ActiveCfg = Release|iPhone
		{E9171AA8-5867-430C-B838-0B3CF5B616A3}.Release|x86.Build.0 = Release|iPhone
		{E9171AA8-5867-430C-B838-0B3CF5B616A3}.Release|x86.Deploy.0 = Release|iPhone
		{91BA3CBD-5FF6-4628-8F7D-1E1981A634CE}.Ad-Hoc|Any CPU.ActiveCfg = Release|x86
		{91BA3CBD-5FF6-4628-8F7D-1E1981A634CE}.Ad-Hoc|Any CPU.Build.0 = Release|x86
		{91BA3CBD-5FF6-4628-8F7D-1E1981A634CE}.Ad-Hoc|Any CPU.Deploy.0 = Release|x86
		{91BA3CBD-5FF6-4628-8F7D-1E1981A634CE}.Ad-Hoc|ARM.ActiveCfg = Release|ARM
		{91BA3CBD-5FF6-4628-8F7D-1E1981A634CE}.Ad-Hoc|ARM.Build.0 = Release|ARM
		{91BA3CBD-5FF6-4628-8F7D-1E1981A634CE}.Ad-Hoc|ARM.Deploy.0 = Release|ARM
		{91BA3CBD-5FF6-4628-8F7D-1E1981A634CE}.Ad-Hoc|iPhone.ActiveCfg = Release|x86
		{91BA3CBD-5FF6-4628-8F7D-1E1981A634CE}.Ad-Hoc|iPhone.Build.0 = Release|x86
		{91BA3CBD-5FF6-4628-8F7D-1E1981A634CE}.Ad-Hoc|iPhone.Deploy.0 = Release|x86
		{91BA3CBD-5FF6-4628-8F7D-1E1981A634CE}.Ad-Hoc|iPhoneSimulator.ActiveCfg = Release|x86
		{91BA3CBD-5FF6-4628-8F7D-1E1981A634CE}.Ad-Hoc|iPhoneSimulator.Build.0 = Release|x86
		{91BA3CBD-5FF6-4628-8F7D-1E1981A634CE}.Ad-Hoc|iPhoneSimulator.Deploy.0 = Release|x86
		{91BA3CBD-5FF6-4628-8F7D-1E1981A634CE}.Ad-Hoc|x64.ActiveCfg = Release|x64
		{91BA3CBD-5FF6-4628-8F7D-1E1981A634CE}.Ad-Hoc|x64.Build.0 = Release|x64
		{91BA3CBD-5FF6-4628-8F7D-1E1981A634CE}.Ad-Hoc|x64.Deploy.0 = Release|x64
		{91BA3CBD-5FF6-4628-8F7D-1E1981A634CE}.Ad-Hoc|x86.ActiveCfg = Release|x86
		{91BA3CBD-5FF6-4628-8F7D-1E1981A634CE}.Ad-Hoc|x86.Build.0 = Release|x86
		{91BA3CBD-5FF6-4628-8F7D-1E1981A634CE}.Ad-Hoc|x86.Deploy.0 = Release|x86
		{91BA3CBD-5FF6-4628-8F7D-1E1981A634CE}.AppStore|Any CPU.ActiveCfg = Release|x86
		{91BA3CBD-5FF6-4628-8F7D-1E1981A634CE}.AppStore|Any CPU.Build.0 = Release|x86
		{91BA3CBD-5FF6-4628-8F7D-1E1981A634CE}.AppStore|Any CPU.Deploy.0 = Release|x86
		{91BA3CBD-5FF6-4628-8F7D-1E1981A634CE}.AppStore|ARM.ActiveCfg = Release|ARM
		{91BA3CBD-5FF6-4628-8F7D-1E1981A634CE}.AppStore|ARM.Build.0 = Release|ARM
		{91BA3CBD-5FF6-4628-8F7D-1E1981A634CE}.AppStore|ARM.Deploy.0 = Release|ARM
		{91BA3CBD-5FF6-4628-8F7D-1E1981A634CE}.AppStore|iPhone.ActiveCfg = Release|x86
		{91BA3CBD-5FF6-4628-8F7D-1E1981A634CE}.AppStore|iPhone.Build.0 = Release|x86
		{91BA3CBD-5FF6-4628-8F7D-1E1981A634CE}.AppStore|iPhone.Deploy.0 = Release|x86
		{91BA3CBD-5FF6-4628-8F7D-1E1981A634CE}.AppStore|iPhoneSimulator.ActiveCfg = Release|x86
		{91BA3CBD-5FF6-4628-8F7D-1E1981A634CE}.AppStore|iPhoneSimulator.Build.0 = Release|x86
		{91BA3CBD-5FF6-4628-8F7D-1E1981A634CE}.AppStore|iPhoneSimulator.Deploy.0 = Release|x86
		{91BA3CBD-5FF6-4628-8F7D-1E1981A634CE}.AppStore|x64.ActiveCfg = Release|x64
		{91BA3CBD-5FF6-4628-8F7D-1E1981A634CE}.AppStore|x64.Build.0 = Release|x64
		{91BA3CBD-5FF6-4628-8F7D-1E1981A634CE}.AppStore|x64.Deploy.0 = Release|x64
		{91BA3CBD-5FF6-4628-8F7D-1E1981A634CE}.AppStore|x86.ActiveCfg = Release|x86
		{91BA3CBD-5FF6-4628-8F7D-1E1981A634CE}.AppStore|x86.Build.0 = Release|x86
		{91BA3CBD-5FF6-4628-8F7D-1E1981A634CE}.AppStore|x86.Deploy.0 = Release|x86
		{91BA3CBD-5FF6-4628-8F7D-1E1981A634CE}.Debug|Any CPU.ActiveCfg = Debug|x86
		{91BA3CBD-5FF6-4628-8F7D-1E1981A634CE}.Debug|Any CPU.Build.0 = Debug|x86
		{91BA3CBD-5FF6-4628-8F7D-1E1981A634CE}.Debug|Any CPU.Deploy.0 = Debug|x86
		{91BA3CBD-5FF6-4628-8F7D-1E1981A634CE}.Debug|ARM.ActiveCfg = Debug|ARM
		{91BA3CBD-5FF6-4628-8F7D-1E1981A634CE}.Debug|ARM.Build.0 = Debug|ARM
		{91BA3CBD-5FF6-4628-8F7D-1E1981A634CE}.Debug|ARM.Deploy.0 = Debug|ARM
		{91BA3CBD-5FF6-4628-8F7D-1E1981A634CE}.Debug|iPhone.ActiveCfg = Debug|x86
		{91BA3CBD-5FF6-4628-8F7D-1E1981A634CE}.Debug|iPhone.Build.0 = Debug|x86
		{91BA3CBD-5FF6-4628-8F7D-1E1981A634CE}.Debug|iPhone.Deploy.0 = Debug|x86
		{91BA3CBD-5FF6-4628-8F7D-1E1981A634CE}.Debug|iPhoneSimulator.ActiveCfg = Debug|x86
		{91BA3CBD-5FF6-4628-8F7D-1E1981A634CE}.Debug|iPhoneSimulator.Build.0 = Debug|x86
		{91BA3CBD-5FF6-4628-8F7D-1E1981A634CE}.Debug|iPhoneSimulator.Deploy.0 = Debug|x86
		{91BA3CBD-5FF6-4628-8F7D-1E1981A634CE}.Debug|x64.ActiveCfg = Debug|x64
		{91BA3CBD-5FF6-4628-8F7D-1E1981A634CE}.Debug|x64.Build.0 = Debug|x64
		{91BA3CBD-5FF6-4628-8F7D-1E1981A634CE}.Debug|x64.Deploy.0 = Debug|x64
		{91BA3CBD-5FF6-4628-8F7D-1E1981A634CE}.Debug|x86.ActiveCfg = Debug|x86
		{91BA3CBD-5FF6-4628-8F7D-1E1981A634CE}.Debug|x86.Build.0 = Debug|x86
		{91BA3CBD-5FF6-4628-8F7D-1E1981A634CE}.Debug|x86.Deploy.0 = Debug|x86
		{91BA3CBD-5FF6-4628-8F7D-1E1981A634CE}.Release|Any CPU.ActiveCfg = Release|x86
		{91BA3CBD-5FF6-4628-8F7D-1E1981A634CE}.Release|Any CPU.Build.0 = Release|x86
		{91BA3CBD-5FF6-4628-8F7D-1E1981A634CE}.Release|Any CPU.Deploy.0 = Release|x86
		{91BA3CBD-5FF6-4628-8F7D-1E1981A634CE}.Release|ARM.ActiveCfg = Release|ARM
		{91BA3CBD-5FF6-4628-8F7D-1E1981A634CE}.Release|ARM.Build.0 = Release|ARM
		{91BA3CBD-5FF6-4628-8F7D-1E1981A634CE}.Release|ARM.Deploy.0 = Release|ARM
		{91BA3CBD-5FF6-4628-8F7D-1E1981A634CE}.Release|iPhone.ActiveCfg = Release|x86
		{91BA3CBD-5FF6-4628-8F7D-1E1981A634CE}.Release|iPhone.Build.0 = Release|x86
		{91BA3CBD-5FF6-4628-8F7D-1E1981A634CE}.Release|iPhone.Deploy.0 = Release|x86
		{91BA3CBD-5FF6-4628-8F7D-1E1981A634CE}.Release|iPhoneSimulator.ActiveCfg = Release|x86
		{91BA3CBD-5FF6-4628-8F7D-1E1981A634CE}.Release|iPhoneSimulator.Build.0 = Release|x86
		{91BA3CBD-5FF6-4628-8F7D-1E1981A634CE}.Release|iPhoneSimulator.Deploy.0 = Release|x86
		{91BA3CBD-5FF6-4628-8F7D-1E1981A634CE}.Release|x64.ActiveCfg = Release|x64
		{91BA3CBD-5FF6-4628-8F7D-1E1981A634CE}.Release|x64.Build.0 = Release|x64
		{91BA3CBD-5FF6-4628-8F7D-1E1981A634CE}.Release|x64.Deploy.0 = Release|x64
		{91BA3CBD-5FF6-4628-8F7D-1E1981A634CE}.Release|x86.ActiveCfg = Release|x86
		{91BA3CBD-5FF6-4628-8F7D-1E1981A634CE}.Release|x86.Build.0 = Release|x86
		{91BA3CBD-5FF6-4628-8F7D-1E1981A634CE}.Release|x86.Deploy.0 = Release|x86
		{C9F055FE-5F1E-4EA8-9937-522918DDA5BE}.Ad-Hoc|Any CPU.ActiveCfg = Debug|Any CPU
		{C9F055FE-5F1E-4EA8-9937-522918DDA5BE}.Ad-Hoc|Any CPU.Build.0 = Debug|Any CPU
		{C9F055FE-5F1E-4EA8-9937-522918DDA5BE}.Ad-Hoc|Any CPU.Deploy.0 = Debug|Any CPU
		{C9F055FE-5F1E-4EA8-9937-522918DDA5BE}.Ad-Hoc|ARM.ActiveCfg = Debug|Any CPU
		{C9F055FE-5F1E-4EA8-9937-522918DDA5BE}.Ad-Hoc|ARM.Build.0 = Debug|Any CPU
		{C9F055FE-5F1E-4EA8-9937-522918DDA5BE}.Ad-Hoc|ARM.Deploy.0 = Debug|Any CPU
		{C9F055FE-5F1E-4EA8-9937-522918DDA5BE}.Ad-Hoc|iPhone.ActiveCfg = Debug|Any CPU
		{C9F055FE-5F1E-4EA8-9937-522918DDA5BE}.Ad-Hoc|iPhone.Build.0 = Debug|Any CPU
		{C9F055FE-5F1E-4EA8-9937-522918DDA5BE}.Ad-Hoc|iPhone.Deploy.0 = Debug|Any CPU
		{C9F055FE-5F1E-4EA8-9937-522918DDA5BE}.Ad-Hoc|iPhoneSimulator.ActiveCfg = Debug|Any CPU
		{C9F055FE-5F1E-4EA8-9937-522918DDA5BE}.Ad-Hoc|iPhoneSimulator.Build.0 = Debug|Any CPU
		{C9F055FE-5F1E-4EA8-9937-522918DDA5BE}.Ad-Hoc|iPhoneSimulator.Deploy.0 = Debug|Any CPU
		{C9F055FE-5F1E-4EA8-9937-522918DDA5BE}.Ad-Hoc|x64.ActiveCfg = Debug|Any CPU
		{C9F055FE-5F1E-4EA8-9937-522918DDA5BE}.Ad-Hoc|x64.Build.0 = Debug|Any CPU
		{C9F055FE-5F1E-4EA8-9937-522918DDA5BE}.Ad-Hoc|x64.Deploy.0 = Debug|Any CPU
		{C9F055FE-5F1E-4EA8-9937-522918DDA5BE}.Ad-Hoc|x86.ActiveCfg = Debug|Any CPU
		{C9F055FE-5F1E-4EA8-9937-522918DDA5BE}.Ad-Hoc|x86.Build.0 = Debug|Any CPU
		{C9F055FE-5F1E-4EA8-9937-522918DDA5BE}.Ad-Hoc|x86.Deploy.0 = Debug|Any CPU
		{C9F055FE-5F1E-4EA8-9937-522918DDA5BE}.AppStore|Any CPU.ActiveCfg = Debug|Any CPU
		{C9F055FE-5F1E-4EA8-9937-522918DDA5BE}.AppStore|Any CPU.Build.0 = Debug|Any CPU
		{C9F055FE-5F1E-4EA8-9937-522918DDA5BE}.AppStore|Any CPU.Deploy.0 = Debug|Any CPU
		{C9F055FE-5F1E-4EA8-9937-522918DDA5BE}.AppStore|ARM.ActiveCfg = Debug|Any CPU
		{C9F055FE-5F1E-4EA8-9937-522918DDA5BE}.AppStore|ARM.Build.0 = Debug|Any CPU
		{C9F055FE-5F1E-4EA8-9937-522918DDA5BE}.AppStore|ARM.Deploy.0 = Debug|Any CPU
		{C9F055FE-5F1E-4EA8-9937-522918DDA5BE}.AppStore|iPhone.ActiveCfg = Debug|Any CPU
		{C9F055FE-5F1E-4EA8-9937-522918DDA5BE}.AppStore|iPhone.Build.0 = Debug|Any CPU
		{C9F055FE-5F1E-4EA8-9937-522918DDA5BE}.AppStore|iPhone.Deploy.0 = Debug|Any CPU
		{C9F055FE-5F1E-4EA8-9937-522918DDA5BE}.AppStore|iPhoneSimulator.ActiveCfg = Debug|Any CPU
		{C9F055FE-5F1E-4EA8-9937-522918DDA5BE}.AppStore|iPhoneSimulator.Build.0 = Debug|Any CPU
		{C9F055FE-5F1E-4EA8-9937-522918DDA5BE}.AppStore|iPhoneSimulator.Deploy.0 = Debug|Any CPU
		{C9F055FE-5F1E-4EA8-9937-522918DDA5BE}.AppStore|x64.ActiveCfg = Debug|Any CPU
		{C9F055FE-5F1E-4EA8-9937-522918DDA5BE}.AppStore|x64.Build.0 = Debug|Any CPU
		{C9F055FE-5F1E-4EA8-9937-522918DDA5BE}.AppStore|x64.Deploy.0 = Debug|Any CPU
		{C9F055FE-5F1E-4EA8-9937-522918DDA5BE}.AppStore|x86.ActiveCfg = Debug|Any CPU
		{C9F055FE-5F1E-4EA8-9937-522918DDA5BE}.AppStore|x86.Build.0 = Debug|Any CPU
		{C9F055FE-5F1E-4EA8-9937-522918DDA5BE}.AppStore|x86.Deploy.0 = Debug|Any CPU
		{C9F055FE-5F1E-4EA8-9937-522918DDA5BE}.Debug|Any CPU.ActiveCfg = Debug|Any CPU
		{C9F055FE-5F1E-4EA8-9937-522918DDA5BE}.Debug|Any CPU.Build.0 = Debug|Any CPU
		{C9F055FE-5F1E-4EA8-9937-522918DDA5BE}.Debug|Any CPU.Deploy.0 = Debug|Any CPU
		{C9F055FE-5F1E-4EA8-9937-522918DDA5BE}.Debug|ARM.ActiveCfg = Debug|Any CPU
		{C9F055FE-5F1E-4EA8-9937-522918DDA5BE}.Debug|ARM.Build.0 = Debug|Any CPU
		{C9F055FE-5F1E-4EA8-9937-522918DDA5BE}.Debug|ARM.Deploy.0 = Debug|Any CPU
		{C9F055FE-5F1E-4EA8-9937-522918DDA5BE}.Debug|iPhone.ActiveCfg = Debug|Any CPU
		{C9F055FE-5F1E-4EA8-9937-522918DDA5BE}.Debug|iPhone.Build.0 = Debug|Any CPU
		{C9F055FE-5F1E-4EA8-9937-522918DDA5BE}.Debug|iPhone.Deploy.0 = Debug|Any CPU
		{C9F055FE-5F1E-4EA8-9937-522918DDA5BE}.Debug|iPhoneSimulator.ActiveCfg = Debug|Any CPU
		{C9F055FE-5F1E-4EA8-9937-522918DDA5BE}.Debug|iPhoneSimulator.Build.0 = Debug|Any CPU
		{C9F055FE-5F1E-4EA8-9937-522918DDA5BE}.Debug|iPhoneSimulator.Deploy.0 = Debug|Any CPU
		{C9F055FE-5F1E-4EA8-9937-522918DDA5BE}.Debug|x64.ActiveCfg = Debug|Any CPU
		{C9F055FE-5F1E-4EA8-9937-522918DDA5BE}.Debug|x64.Build.0 = Debug|Any CPU
		{C9F055FE-5F1E-4EA8-9937-522918DDA5BE}.Debug|x64.Deploy.0 = Debug|Any CPU
		{C9F055FE-5F1E-4EA8-9937-522918DDA5BE}.Debug|x86.ActiveCfg = Debug|Any CPU
		{C9F055FE-5F1E-4EA8-9937-522918DDA5BE}.Debug|x86.Build.0 = Debug|Any CPU
		{C9F055FE-5F1E-4EA8-9937-522918DDA5BE}.Debug|x86.Deploy.0 = Debug|Any CPU
		{C9F055FE-5F1E-4EA8-9937-522918DDA5BE}.Release|Any CPU.ActiveCfg = Release|Any CPU
		{C9F055FE-5F1E-4EA8-9937-522918DDA5BE}.Release|Any CPU.Build.0 = Release|Any CPU
		{C9F055FE-5F1E-4EA8-9937-522918DDA5BE}.Release|Any CPU.Deploy.0 = Release|Any CPU
		{C9F055FE-5F1E-4EA8-9937-522918DDA5BE}.Release|ARM.ActiveCfg = Release|Any CPU
		{C9F055FE-5F1E-4EA8-9937-522918DDA5BE}.Release|ARM.Build.0 = Release|Any CPU
		{C9F055FE-5F1E-4EA8-9937-522918DDA5BE}.Release|ARM.Deploy.0 = Release|Any CPU
		{C9F055FE-5F1E-4EA8-9937-522918DDA5BE}.Release|iPhone.ActiveCfg = Release|Any CPU
		{C9F055FE-5F1E-4EA8-9937-522918DDA5BE}.Release|iPhone.Build.0 = Release|Any CPU
		{C9F055FE-5F1E-4EA8-9937-522918DDA5BE}.Release|iPhone.Deploy.0 = Release|Any CPU
		{C9F055FE-5F1E-4EA8-9937-522918DDA5BE}.Release|iPhoneSimulator.ActiveCfg = Release|Any CPU
		{C9F055FE-5F1E-4EA8-9937-522918DDA5BE}.Release|iPhoneSimulator.Build.0 = Release|Any CPU
		{C9F055FE-5F1E-4EA8-9937-522918DDA5BE}.Release|iPhoneSimulator.Deploy.0 = Release|Any CPU
		{C9F055FE-5F1E-4EA8-9937-522918DDA5BE}.Release|x64.ActiveCfg = Release|Any CPU
		{C9F055FE-5F1E-4EA8-9937-522918DDA5BE}.Release|x64.Build.0 = Release|Any CPU
		{C9F055FE-5F1E-4EA8-9937-522918DDA5BE}.Release|x64.Deploy.0 = Release|Any CPU
		{C9F055FE-5F1E-4EA8-9937-522918DDA5BE}.Release|x86.ActiveCfg = Release|Any CPU
		{C9F055FE-5F1E-4EA8-9937-522918DDA5BE}.Release|x86.Build.0 = Release|Any CPU
		{C9F055FE-5F1E-4EA8-9937-522918DDA5BE}.Release|x86.Deploy.0 = Release|Any CPU
		{13D3E27A-3BED-431F-AF42-2C1C631FC27E}.Ad-Hoc|Any CPU.ActiveCfg = Debug|Any CPU
		{13D3E27A-3BED-431F-AF42-2C1C631FC27E}.Ad-Hoc|Any CPU.Build.0 = Debug|Any CPU
		{13D3E27A-3BED-431F-AF42-2C1C631FC27E}.Ad-Hoc|ARM.ActiveCfg = Debug|Any CPU
		{13D3E27A-3BED-431F-AF42-2C1C631FC27E}.Ad-Hoc|ARM.Build.0 = Debug|Any CPU
		{13D3E27A-3BED-431F-AF42-2C1C631FC27E}.Ad-Hoc|iPhone.ActiveCfg = Debug|Any CPU
		{13D3E27A-3BED-431F-AF42-2C1C631FC27E}.Ad-Hoc|iPhone.Build.0 = Debug|Any CPU
		{13D3E27A-3BED-431F-AF42-2C1C631FC27E}.Ad-Hoc|iPhoneSimulator.ActiveCfg = Debug|Any CPU
		{13D3E27A-3BED-431F-AF42-2C1C631FC27E}.Ad-Hoc|iPhoneSimulator.Build.0 = Debug|Any CPU
		{13D3E27A-3BED-431F-AF42-2C1C631FC27E}.Ad-Hoc|x64.ActiveCfg = Debug|Any CPU
		{13D3E27A-3BED-431F-AF42-2C1C631FC27E}.Ad-Hoc|x64.Build.0 = Debug|Any CPU
		{13D3E27A-3BED-431F-AF42-2C1C631FC27E}.Ad-Hoc|x86.ActiveCfg = Debug|Any CPU
		{13D3E27A-3BED-431F-AF42-2C1C631FC27E}.Ad-Hoc|x86.Build.0 = Debug|Any CPU
		{13D3E27A-3BED-431F-AF42-2C1C631FC27E}.AppStore|Any CPU.ActiveCfg = Debug|Any CPU
		{13D3E27A-3BED-431F-AF42-2C1C631FC27E}.AppStore|Any CPU.Build.0 = Debug|Any CPU
		{13D3E27A-3BED-431F-AF42-2C1C631FC27E}.AppStore|ARM.ActiveCfg = Debug|Any CPU
		{13D3E27A-3BED-431F-AF42-2C1C631FC27E}.AppStore|ARM.Build.0 = Debug|Any CPU
		{13D3E27A-3BED-431F-AF42-2C1C631FC27E}.AppStore|iPhone.ActiveCfg = Debug|Any CPU
		{13D3E27A-3BED-431F-AF42-2C1C631FC27E}.AppStore|iPhone.Build.0 = Debug|Any CPU
		{13D3E27A-3BED-431F-AF42-2C1C631FC27E}.AppStore|iPhoneSimulator.ActiveCfg = Debug|Any CPU
		{13D3E27A-3BED-431F-AF42-2C1C631FC27E}.AppStore|iPhoneSimulator.Build.0 = Debug|Any CPU
		{13D3E27A-3BED-431F-AF42-2C1C631FC27E}.AppStore|x64.ActiveCfg = Debug|Any CPU
		{13D3E27A-3BED-431F-AF42-2C1C631FC27E}.AppStore|x64.Build.0 = Debug|Any CPU
		{13D3E27A-3BED-431F-AF42-2C1C631FC27E}.AppStore|x86.ActiveCfg = Debug|Any CPU
		{13D3E27A-3BED-431F-AF42-2C1C631FC27E}.AppStore|x86.Build.0 = Debug|Any CPU
		{13D3E27A-3BED-431F-AF42-2C1C631FC27E}.Debug|Any CPU.ActiveCfg = Debug|Any CPU
		{13D3E27A-3BED-431F-AF42-2C1C631FC27E}.Debug|Any CPU.Build.0 = Debug|Any CPU
		{13D3E27A-3BED-431F-AF42-2C1C631FC27E}.Debug|ARM.ActiveCfg = Debug|Any CPU
		{13D3E27A-3BED-431F-AF42-2C1C631FC27E}.Debug|ARM.Build.0 = Debug|Any CPU
		{13D3E27A-3BED-431F-AF42-2C1C631FC27E}.Debug|iPhone.ActiveCfg = Debug|Any CPU
		{13D3E27A-3BED-431F-AF42-2C1C631FC27E}.Debug|iPhone.Build.0 = Debug|Any CPU
		{13D3E27A-3BED-431F-AF42-2C1C631FC27E}.Debug|iPhoneSimulator.ActiveCfg = Debug|Any CPU
		{13D3E27A-3BED-431F-AF42-2C1C631FC27E}.Debug|iPhoneSimulator.Build.0 = Debug|Any CPU
		{13D3E27A-3BED-431F-AF42-2C1C631FC27E}.Debug|x64.ActiveCfg = Debug|Any CPU
		{13D3E27A-3BED-431F-AF42-2C1C631FC27E}.Debug|x64.Build.0 = Debug|Any CPU
		{13D3E27A-3BED-431F-AF42-2C1C631FC27E}.Debug|x86.ActiveCfg = Debug|Any CPU
		{13D3E27A-3BED-431F-AF42-2C1C631FC27E}.Debug|x86.Build.0 = Debug|Any CPU
		{13D3E27A-3BED-431F-AF42-2C1C631FC27E}.Release|Any CPU.ActiveCfg = Release|Any CPU
		{13D3E27A-3BED-431F-AF42-2C1C631FC27E}.Release|Any CPU.Build.0 = Release|Any CPU
		{13D3E27A-3BED-431F-AF42-2C1C631FC27E}.Release|ARM.ActiveCfg = Release|Any CPU
		{13D3E27A-3BED-431F-AF42-2C1C631FC27E}.Release|ARM.Build.0 = Release|Any CPU
		{13D3E27A-3BED-431F-AF42-2C1C631FC27E}.Release|iPhone.ActiveCfg = Release|Any CPU
		{13D3E27A-3BED-431F-AF42-2C1C631FC27E}.Release|iPhone.Build.0 = Release|Any CPU
		{13D3E27A-3BED-431F-AF42-2C1C631FC27E}.Release|iPhoneSimulator.ActiveCfg = Release|Any CPU
		{13D3E27A-3BED-431F-AF42-2C1C631FC27E}.Release|iPhoneSimulator.Build.0 = Release|Any CPU
		{13D3E27A-3BED-431F-AF42-2C1C631FC27E}.Release|x64.ActiveCfg = Release|Any CPU
		{13D3E27A-3BED-431F-AF42-2C1C631FC27E}.Release|x64.Build.0 = Release|Any CPU
		{13D3E27A-3BED-431F-AF42-2C1C631FC27E}.Release|x86.ActiveCfg = Release|Any CPU
		{13D3E27A-3BED-431F-AF42-2C1C631FC27E}.Release|x86.Build.0 = Release|Any CPU
	EndGlobalSection
	GlobalSection(SolutionProperties) = preSolution
		HideSolutionNode = FALSE
	EndGlobalSection
	GlobalSection(ExtensibilityGlobals) = postSolution
		SolutionGuid = {D01C9537-CCCD-4DB6-9BA3-1DD6245255EE}
	EndGlobalSection
EndGlobal
